
Microsoft Visual Studio Solution File, Format Version 12.00
# Visual Studio 2012
Project("{070BCB52-5A75-4F8C-A973-144AF0EAFCC9}") = "chuck-facts-app", "chuck-facts-app.iceproj", "{4323C22B-77B9-42DB-B940-F113678BECFB}"
EndProject
Global
	GlobalSection(SolutionConfigurationPlatforms) = preSolution
		Debug|Any CPU = Debug|Any CPU
		Release|Any CPU = Release|Any CPU
	EndGlobalSection
	GlobalSection(ProjectConfigurationPlatforms) = postSolution
		{4323C22B-77B9-42DB-B940-F113678BECFB}.Debug|Any CPU.ActiveCfg = Debug|Any CPU
		{4323C22B-77B9-42DB-B940-F113678BECFB}.Debug|Any CPU.Build.0 = Debug|Any CPU
		{4323C22B-77B9-42DB-B940-F113678BECFB}.Release|Any CPU.ActiveCfg = Release|Any CPU
		{4323C22B-77B9-42DB-B940-F113678BECFB}.Release|Any CPU.Build.0 = Release|Any CPU
	EndGlobalSection
	GlobalSection(SolutionProperties) = preSolution
		HideSolutionNode = FALSE
	EndGlobalSection
EndGlobal
